
Microsoft Visual Studio Solution File, Format Version 12.00
# Visual Studio Version 17
VisualStudioVersion = 17.13.35919.96 d17.13
MinimumVisualStudioVersion = 10.0.40219.1
Project("{888888A0-9F3D-457C-B088-3A5042F75D52}") = "PyPotter", "PyPotter.pyproj", "{C40BD171-41DB-40AF-B21C-1AB9E18D8E1F}"
EndProject
Global
	GlobalSection(SolutionConfigurationPlatforms) = preSolution
		Debug|Any CPU = Debug|Any CPU
		Release|Any CPU = Release|Any CPU
	EndGlobalSection
	GlobalSection(ProjectConfigurationPlatforms) = postSolution
		{C40BD171-41DB-40AF-B21C-1AB9E18D8E1F}.Debug|Any CPU.ActiveCfg = Debug|Any CPU
		{C40BD171-41DB-40AF-B21C-1AB9E18D8E1F}.Release|Any CPU.ActiveCfg = Release|Any CPU
	EndGlobalSection
	GlobalSection(SolutionProperties) = preSolution
		HideSolutionNode = FALSE
	EndGlobalSection
	GlobalSection(ExtensibilityGlobals) = postSolution
		SolutionGuid = {FA8D6A83-5DC4-4047-AAF5-6074F7C2563C}
	EndGlobalSection
EndGlobal
